
Microsoft Visual Studio Solution File, Format Version 12.00
# Visual Studio Version 17
VisualStudioVersion = 17.8.34408.163
MinimumVisualStudioVersion = 10.0.40219.1
Project("{FAE04EC0-301F-11D3-BF4B-00C04F79EFBC}") = "SychoClinicApi", "SychoClinicApi\SychoClinicApi.csproj", "{A280560C-C1ED-4ADD-9CCC-6C0C7CC1B94B}"
EndProject
Global
	GlobalSection(SolutionConfigurationPlatforms) = preSolution
		Debug|Any CPU = Debug|Any CPU
		Release|Any CPU = Release|Any CPU
	EndGlobalSection
	GlobalSection(ProjectConfigurationPlatforms) = postSolution
		{A280560C-C1ED-4ADD-9CCC-6C0C7CC1B94B}.Debug|Any CPU.ActiveCfg = Debug|Any CPU
		{A280560C-C1ED-4ADD-9CCC-6C0C7CC1B94B}.Debug|Any CPU.Build.0 = Debug|Any CPU
		{A280560C-C1ED-4ADD-9CCC-6C0C7CC1B94B}.Release|Any CPU.ActiveCfg = Release|Any CPU
		{A280560C-C1ED-4ADD-9CCC-6C0C7CC1B94B}.Release|Any CPU.Build.0 = Release|Any CPU
	EndGlobalSection
	GlobalSection(SolutionProperties) = preSolution
		HideSolutionNode = FALSE
	EndGlobalSection
	GlobalSection(ExtensibilityGlobals) = postSolution
		SolutionGuid = {5D13D5E8-6DB4-46DC-B78D-D8DFB55E0A07}
	EndGlobalSection
EndGlobal
